
Microsoft Visual Studio Solution File, Format Version 12.00
# Visual Studio Version 17
VisualStudioVersion = 17.4.33110.190
MinimumVisualStudioVersion = 10.0.40219.1
Project("{FAE04EC0-301F-11D3-BF4B-00C04F79EFBC}") = "Agrimanage", "Agrimanage\Agrimanage.csproj", "{C261E25C-E85F-40BA-9FAD-6AE9F2FAF8CE}"
EndProject
Global
	GlobalSection(SolutionConfigurationPlatforms) = preSolution
		Debug|Any CPU = Debug|Any CPU
		Release|Any CPU = Release|Any CPU
	EndGlobalSection
	GlobalSection(ProjectConfigurationPlatforms) = postSolution
		{C261E25C-E85F-40BA-9FAD-6AE9F2FAF8CE}.Debug|Any CPU.ActiveCfg = Debug|Any CPU
		{C261E25C-E85F-40BA-9FAD-6AE9F2FAF8CE}.Debug|Any CPU.Build.0 = Debug|Any CPU
		{C261E25C-E85F-40BA-9FAD-6AE9F2FAF8CE}.Release|Any CPU.ActiveCfg = Release|Any CPU
		{C261E25C-E85F-40BA-9FAD-6AE9F2FAF8CE}.Release|Any CPU.Build.0 = Release|Any CPU
	EndGlobalSection
	GlobalSection(SolutionProperties) = preSolution
		HideSolutionNode = FALSE
	EndGlobalSection
	GlobalSection(ExtensibilityGlobals) = postSolution
		SolutionGuid = {F615312A-1C16-4E4D-B66E-A8F198A5F691}
	EndGlobalSection
EndGlobal
